
Microsoft Visual Studio Solution File, Format Version 12.00
# Visual Studio 14
VisualStudioVersion = 14.0.25420.1
MinimumVisualStudioVersion = 10.0.40219.1
Project("{8BC9CEB8-8B4A-11D0-8D11-00A0C91BC942}") = "RandomEnemyGenerator", "RandomEnemyGenerator\RandomEnemyGenerator.vcxproj", "{3A5B2CCB-FF3C-4115-A433-BF34D6985FFA}"
EndProject
Project("{8BC9CEB8-8B4A-11D0-8D11-00A0C91BC942}") = "TheWalkingDead", "TheWalkingDead\TheWalkingDead.vcxproj", "{D490CBC9-A6CA-4303-A110-0D16D187DDC5}"
EndProject
Project("{8BC9CEB8-8B4A-11D0-8D11-00A0C91BC942}") = "DynArray", "DynArray\DynArray.vcxproj", "{4CDA6D4F-7A51-4407-A9C1-AABEEB0B5656}"
EndProject
Project("{8BC9CEB8-8B4A-11D0-8D11-00A0C91BC942}") = "Testing", "Testing\Testing.vcxproj", "{95CCA9BD-30E9-42D0-828E-7FDFEFF6B9FF}"
EndProject
Project("{8BC9CEB8-8B4A-11D0-8D11-00A0C91BC942}") = "STL_A06", "STL_A06\STL_A06.vcxproj", "{3914EF33-5891-4DCD-8F2F-727DE707542B}"
EndProject
Project("{8BC9CEB8-8B4A-11D0-8D11-00A0C91BC942}") = "PlayerRanking", "PlayerRanking\PlayerRanking.vcxproj", "{83889CCA-3824-4582-A141-9CC7562C85D2}"
EndProject
Global
	GlobalSection(SolutionConfigurationPlatforms) = preSolution
		Debug|x64 = Debug|x64
		Debug|x86 = Debug|x86
		Release|x64 = Release|x64
		Release|x86 = Release|x86
	EndGlobalSection
	GlobalSection(ProjectConfigurationPlatforms) = postSolution
		{3A5B2CCB-FF3C-4115-A433-BF34D6985FFA}.Debug|x64.ActiveCfg = Debug|x64
		{3A5B2CCB-FF3C-4115-A433-BF34D6985FFA}.Debug|x64.Build.0 = Debug|x64
		{3A5B2CCB-FF3C-4115-A433-BF34D6985FFA}.Debug|x86.ActiveCfg = Debug|Win32
		{3A5B2CCB-FF3C-4115-A433-BF34D6985FFA}.Debug|x86.Build.0 = Debug|Win32
		{3A5B2CCB-FF3C-4115-A433-BF34D6985FFA}.Release|x64.ActiveCfg = Release|x64
		{3A5B2CCB-FF3C-4115-A433-BF34D6985FFA}.Release|x64.Build.0 = Release|x64
		{3A5B2CCB-FF3C-4115-A433-BF34D6985FFA}.Release|x86.ActiveCfg = Release|Win32
		{3A5B2CCB-FF3C-4115-A433-BF34D6985FFA}.Release|x86.Build.0 = Release|Win32
		{D490CBC9-A6CA-4303-A110-0D16D187DDC5}.Debug|x64.ActiveCfg = Debug|x64
		{D490CBC9-A6CA-4303-A110-0D16D187DDC5}.Debug|x64.Build.0 = Debug|x64
		{D490CBC9-A6CA-4303-A110-0D16D187DDC5}.Debug|x86.ActiveCfg = Debug|Win32
		{D490CBC9-A6CA-4303-A110-0D16D187DDC5}.Debug|x86.Build.0 = Debug|Win32
		{D490CBC9-A6CA-4303-A110-0D16D187DDC5}.Release|x64.ActiveCfg = Release|x64
		{D490CBC9-A6CA-4303-A110-0D16D187DDC5}.Release|x64.Build.0 = Release|x64
		{D490CBC9-A6CA-4303-A110-0D16D187DDC5}.Release|x86.ActiveCfg = Release|Win32
		{D490CBC9-A6CA-4303-A110-0D16D187DDC5}.Release|x86.Build.0 = Release|Win32
		{4CDA6D4F-7A51-4407-A9C1-AABEEB0B5656}.Debug|x64.ActiveCfg = Debug|x64
		{4CDA6D4F-7A51-4407-A9C1-AABEEB0B5656}.Debug|x64.Build.0 = Debug|x64
		{4CDA6D4F-7A51-4407-A9C1-AABEEB0B5656}.Debug|x86.ActiveCfg = Debug|Win32
		{4CDA6D4F-7A51-4407-A9C1-AABEEB0B5656}.Debug|x86.Build.0 = Debug|Win32
		{4CDA6D4F-7A51-4407-A9C1-AABEEB0B5656}.Release|x64.ActiveCfg = Release|x64
		{4CDA6D4F-7A51-4407-A9C1-AABEEB0B5656}.Release|x64.Build.0 = Release|x64
		{4CDA6D4F-7A51-4407-A9C1-AABEEB0B5656}.Release|x86.ActiveCfg = Release|Win32
		{4CDA6D4F-7A51-4407-A9C1-AABEEB0B5656}.Release|x86.Build.0 = Release|Win32
		{95CCA9BD-30E9-42D0-828E-7FDFEFF6B9FF}.Debug|x64.ActiveCfg = Debug|x64
		{95CCA9BD-30E9-42D0-828E-7FDFEFF6B9FF}.Debug|x64.Build.0 = Debug|x64
		{95CCA9BD-30E9-42D0-828E-7FDFEFF6B9FF}.Debug|x86.ActiveCfg = Debug|Win32
		{95CCA9BD-30E9-42D0-828E-7FDFEFF6B9FF}.Debug|x86.Build.0 = Debug|Win32
		{95CCA9BD-30E9-42D0-828E-7FDFEFF6B9FF}.Release|x64.ActiveCfg = Release|x64
		{95CCA9BD-30E9-42D0-828E-7FDFEFF6B9FF}.Release|x64.Build.0 = Release|x64
		{95CCA9BD-30E9-42D0-828E-7FDFEFF6B9FF}.Release|x86.ActiveCfg = Release|Win32
		{95CCA9BD-30E9-42D0-828E-7FDFEFF6B9FF}.Release|x86.Build.0 = Release|Win32
		{3914EF33-5891-4DCD-8F2F-727DE707542B}.Debug|x64.ActiveCfg = Debug|x64
		{3914EF33-5891-4DCD-8F2F-727DE707542B}.Debug|x64.Build.0 = Debug|x64
		{3914EF33-5891-4DCD-8F2F-727DE707542B}.Debug|x86.ActiveCfg = Debug|Win32
		{3914EF33-5891-4DCD-8F2F-727DE707542B}.Debug|x86.Build.0 = Debug|Win32
		{3914EF33-5891-4DCD-8F2F-727DE707542B}.Release|x64.ActiveCfg = Release|x64
		{3914EF33-5891-4DCD-8F2F-727DE707542B}.Release|x64.Build.0 = Release|x64
		{3914EF33-5891-4DCD-8F2F-727DE707542B}.Release|x86.ActiveCfg = Release|Win32
		{3914EF33-5891-4DCD-8F2F-727DE707542B}.Release|x86.Build.0 = Release|Win32
		{83889CCA-3824-4582-A141-9CC7562C85D2}.Debug|x64.ActiveCfg = Debug|x64
		{83889CCA-3824-4582-A141-9CC7562C85D2}.Debug|x64.Build.0 = Debug|x64
		{83889CCA-3824-4582-A141-9CC7562C85D2}.Debug|x86.ActiveCfg = Debug|Win32
		{83889CCA-3824-4582-A141-9CC7562C85D2}.Debug|x86.Build.0 = Debug|Win32
		{83889CCA-3824-4582-A141-9CC7562C85D2}.Release|x64.ActiveCfg = Release|x64
		{83889CCA-3824-4582-A141-9CC7562C85D2}.Release|x64.Build.0 = Release|x64
		{83889CCA-3824-4582-A141-9CC7562C85D2}.Release|x86.ActiveCfg = Release|Win32
		{83889CCA-3824-4582-A141-9CC7562C85D2}.Release|x86.Build.0 = Release|Win32
	EndGlobalSection
	GlobalSection(SolutionProperties) = preSolution
		HideSolutionNode = FALSE
	EndGlobalSection
EndGlobal
